
Microsoft Visual Studio Solution File, Format Version 12.00
# Visual Studio Version 17
VisualStudioVersion = 17.8.34330.188
MinimumVisualStudioVersion = 10.0.40219.1
Project("{FAE04EC0-301F-11D3-BF4B-00C04F79EFBC}") = "ProductsAPI", "ProductsAPI\ProductsAPI.csproj", "{DA391D00-61C5-415E-A2DE-4902662EEAAA}"
EndProject
Global
	GlobalSection(SolutionConfigurationPlatforms) = preSolution
		Debug|Any CPU = Debug|Any CPU
		Release|Any CPU = Release|Any CPU
	EndGlobalSection
	GlobalSection(ProjectConfigurationPlatforms) = postSolution
		{DA391D00-61C5-415E-A2DE-4902662EEAAA}.Debug|Any CPU.ActiveCfg = Debug|Any CPU
		{DA391D00-61C5-415E-A2DE-4902662EEAAA}.Debug|Any CPU.Build.0 = Debug|Any CPU
		{DA391D00-61C5-415E-A2DE-4902662EEAAA}.Release|Any CPU.ActiveCfg = Release|Any CPU
		{DA391D00-61C5-415E-A2DE-4902662EEAAA}.Release|Any CPU.Build.0 = Release|Any CPU
	EndGlobalSection
	GlobalSection(SolutionProperties) = preSolution
		HideSolutionNode = FALSE
	EndGlobalSection
	GlobalSection(ExtensibilityGlobals) = postSolution
		SolutionGuid = {98953FEB-5CE4-4C19-A25D-626BCB62E57F}
	EndGlobalSection
EndGlobal
